
Microsoft Visual Studio Solution File, Format Version 12.00
# Visual Studio Version 17
VisualStudioVersion = 17.0.31912.275
MinimumVisualStudioVersion = 10.0.40219.1
Project("{9A19103F-16F7-4668-BE54-9A1E7A4F7556}") = "stock-quote-alert", "stock-quote-alert\stock-quote-alert.csproj", "{716D2C22-4C2F-4554-A858-055AE5AB4E95}"
EndProject
Project("{FAE04EC0-301F-11D3-BF4B-00C04F79EFBC}") = "unit-test-stock-quote-alert", "unit-test-stock-quote-alert\unit-test-stock-quote-alert.csproj", "{F94297CD-C8BD-407C-911E-15B1FD62F604}"
EndProject
Global
	GlobalSection(SolutionConfigurationPlatforms) = preSolution
		Debug|Any CPU = Debug|Any CPU
		Release|Any CPU = Release|Any CPU
	EndGlobalSection
	GlobalSection(ProjectConfigurationPlatforms) = postSolution
		{716D2C22-4C2F-4554-A858-055AE5AB4E95}.Debug|Any CPU.ActiveCfg = Debug|Any CPU
		{716D2C22-4C2F-4554-A858-055AE5AB4E95}.Debug|Any CPU.Build.0 = Debug|Any CPU
		{716D2C22-4C2F-4554-A858-055AE5AB4E95}.Release|Any CPU.ActiveCfg = Release|Any CPU
		{716D2C22-4C2F-4554-A858-055AE5AB4E95}.Release|Any CPU.Build.0 = Release|Any CPU
		{F94297CD-C8BD-407C-911E-15B1FD62F604}.Debug|Any CPU.ActiveCfg = Debug|Any CPU
		{F94297CD-C8BD-407C-911E-15B1FD62F604}.Debug|Any CPU.Build.0 = Debug|Any CPU
		{F94297CD-C8BD-407C-911E-15B1FD62F604}.Release|Any CPU.ActiveCfg = Release|Any CPU
		{F94297CD-C8BD-407C-911E-15B1FD62F604}.Release|Any CPU.Build.0 = Release|Any CPU
	EndGlobalSection
	GlobalSection(SolutionProperties) = preSolution
		HideSolutionNode = FALSE
	EndGlobalSection
	GlobalSection(ExtensibilityGlobals) = postSolution
		SolutionGuid = {E6BC2455-C723-41CA-A8D0-77FF0FC3859D}
	EndGlobalSection
EndGlobal
